
Microsoft Visual Studio Solution File, Format Version 12.00
# Visual Studio Version 16
VisualStudioVersion = 16.0.30204.135
MinimumVisualStudioVersion = 10.0.40219.1
Project("{8BC9CEB8-8B4A-11D0-8D11-00A0C91BC942}") = "AxSigLib", "AxSigLib\AxSigLib.vcxproj", "{CF9442D9-C9D4-47C7-9597-958F87DAD967}"
EndProject
Project("{8BC9CEB8-8B4A-11D0-8D11-00A0C91BC942}") = "AxWinLib", "AxWinLib\AxWinLib.vcxproj", "{D1CEB04E-009D-45F9-B79D-C6A4F21EF481}"
EndProject
Project("{8BC9CEB8-8B4A-11D0-8D11-00A0C91BC942}") = "AxPipe", "AxPipe\AxPipe.vcxproj", "{08C6FB2D-DC3C-49B9-BDA8-A9E521AC09BF}"
EndProject
Project("{8BC9CEB8-8B4A-11D0-8D11-00A0C91BC942}") = "SHA-1", "SHA-1\SHA-1.vcxproj", "{040B7102-043B-440F-95C9-6A7A0FDDE506}"
EndProject
Project("{8BC9CEB8-8B4A-11D0-8D11-00A0C91BC942}") = "AES", "AES\AES.vcxproj", "{034F7C5A-2E7A-4AEC-B6DF-E0DDE187A76D}"
EndProject
Project("{8BC9CEB8-8B4A-11D0-8D11-00A0C91BC942}") = "Build", "Build\Build.vcxproj", "{932C95CC-A3E3-43E7-9DCD-9A02F537CF88}"
EndProject
Project("{8BC9CEB8-8B4A-11D0-8D11-00A0C91BC942}") = "XecretsFileMessages", "XecretsFileMessages\XecretsFileMessages.vcxproj", "{19193893-878C-4CB1-9400-DE8FCEF7CA45}"
	ProjectSection(ProjectDependencies) = postProject
		{932C95CC-A3E3-43E7-9DCD-9A02F537CF88} = {932C95CC-A3E3-43E7-9DCD-9A02F537CF88}
	EndProjectSection
EndProject
Project("{8BC9CEB8-8B4A-11D0-8D11-00A0C91BC942}") = "XecretsFileShellExt", "XecretsFileShellExt\XecretsFileShellExt.vcxproj", "{C0E98467-99CD-49E0-A1A7-E3BF95DFF5AD}"
EndProject
Project("{8BC9CEB8-8B4A-11D0-8D11-00A0C91BC942}") = "AxDecrypt", "AxDecrypt\AxDecrypt.vcxproj", "{76D7E7D3-464B-490A-B3A6-B2F8637700FD}"
EndProject
Project("{8BC9CEB8-8B4A-11D0-8D11-00A0C91BC942}") = "XecretsFile2Go", "XecretsFile2Go\XecretsFile2Go.vcxproj", "{275454C5-0907-41EF-A6A1-3E75DD231C03}"
EndProject
Project("{8BC9CEB8-8B4A-11D0-8D11-00A0C91BC942}") = "XecretsFileLib", "XecretsFileLib\XecretsFileLib.vcxproj", "{00A16519-8201-41CF-B8AF-7AA5A5A8F153}"
EndProject
Project("{8BC9CEB8-8B4A-11D0-8D11-00A0C91BC942}") = "AxPortLib", "AxPortLib\AxPortLib.vcxproj", "{BF385610-FD6B-4600-A4F0-5E252B01763D}"
EndProject
Project("{8BC9CEB8-8B4A-11D0-8D11-00A0C91BC942}") = "XecretsFileWinLib", "XecretsFileWinLib\XecretsFileWinLib.vcxproj", "{9EB45F89-A515-4F70-BA2A-8EE3FD7072B2}"
EndProject
Project("{930C7802-8A8C-48F9-8165-68863BCCD9DD}") = "Setup", "Setup\Setup.wixproj", "{849F9898-B773-4FB9-A0C7-359CEBB5D330}"
	ProjectSection(ProjectDependencies) = postProject
		{C0E98467-99CD-49E0-A1A7-E3BF95DFF5AD} = {C0E98467-99CD-49E0-A1A7-E3BF95DFF5AD}
		{19193893-878C-4CB1-9400-DE8FCEF7CA45} = {19193893-878C-4CB1-9400-DE8FCEF7CA45}
		{275454C5-0907-41EF-A6A1-3E75DD231C03} = {275454C5-0907-41EF-A6A1-3E75DD231C03}
		{932C95CC-A3E3-43E7-9DCD-9A02F537CF88} = {932C95CC-A3E3-43E7-9DCD-9A02F537CF88}
		{76D7E7D3-464B-490A-B3A6-B2F8637700FD} = {76D7E7D3-464B-490A-B3A6-B2F8637700FD}
		{41BD6BDC-24B2-4DD9-B47B-86FBD1751387} = {41BD6BDC-24B2-4DD9-B47B-86FBD1751387}
	EndProjectSection
EndProject
Project("{8BC9CEB8-8B4A-11D0-8D11-00A0C91BC942}") = "DependencyOrder", "DependencyOrder\DependencyOrder.vcxproj", "{C9D88928-8ADE-4489-8412-B9FD3415BD2B}"
EndProject
Project("{8BC9CEB8-8B4A-11D0-8D11-00A0C91BC942}") = "XecretsFileClassic", "XecretsFileClassic\XecretsFileClassic.vcxproj", "{41BD6BDC-24B2-4DD9-B47B-86FBD1751387}"
EndProject
Project("{8BC9CEB8-8B4A-11D0-8D11-00A0C91BC942}") = "XecretsFileCommon", "XecretsFileCommon\XecretsFileCommon.vcxproj", "{B022A61B-B8DD-4200-9CD4-93BDB48137EA}"
EndProject
Global
	GlobalSection(SolutionConfigurationPlatforms) = preSolution
		Debug|Win32 = Debug|Win32
		Debug|x64 = Debug|x64
		Debug|x86 = Debug|x86
		Release|Win32 = Release|Win32
		Release|x64 = Release|x64
		Release|x86 = Release|x86
	EndGlobalSection
	GlobalSection(ProjectConfigurationPlatforms) = postSolution
		{CF9442D9-C9D4-47C7-9597-958F87DAD967}.Debug|Win32.ActiveCfg = Debug|Win32
		{CF9442D9-C9D4-47C7-9597-958F87DAD967}.Debug|Win32.Build.0 = Debug|Win32
		{CF9442D9-C9D4-47C7-9597-958F87DAD967}.Debug|x64.ActiveCfg = Debug|x64
		{CF9442D9-C9D4-47C7-9597-958F87DAD967}.Debug|x64.Build.0 = Debug|x64
		{CF9442D9-C9D4-47C7-9597-958F87DAD967}.Debug|x86.ActiveCfg = Debug|x64
		{CF9442D9-C9D4-47C7-9597-958F87DAD967}.Release|Win32.ActiveCfg = Release|Win32
		{CF9442D9-C9D4-47C7-9597-958F87DAD967}.Release|Win32.Build.0 = Release|Win32
		{CF9442D9-C9D4-47C7-9597-958F87DAD967}.Release|x64.ActiveCfg = Release|x64
		{CF9442D9-C9D4-47C7-9597-958F87DAD967}.Release|x64.Build.0 = Release|x64
		{CF9442D9-C9D4-47C7-9597-958F87DAD967}.Release|x86.ActiveCfg = Release|x64
		{D1CEB04E-009D-45F9-B79D-C6A4F21EF481}.Debug|Win32.ActiveCfg = Debug|Win32
		{D1CEB04E-009D-45F9-B79D-C6A4F21EF481}.Debug|Win32.Build.0 = Debug|Win32
		{D1CEB04E-009D-45F9-B79D-C6A4F21EF481}.Debug|x64.ActiveCfg = Debug|x64
		{D1CEB04E-009D-45F9-B79D-C6A4F21EF481}.Debug|x64.Build.0 = Debug|x64
		{D1CEB04E-009D-45F9-B79D-C6A4F21EF481}.Debug|x86.ActiveCfg = Debug|x64
		{D1CEB04E-009D-45F9-B79D-C6A4F21EF481}.Release|Win32.ActiveCfg = Release|Win32
		{D1CEB04E-009D-45F9-B79D-C6A4F21EF481}.Release|Win32.Build.0 = Release|Win32
		{D1CEB04E-009D-45F9-B79D-C6A4F21EF481}.Release|x64.ActiveCfg = Release|x64
		{D1CEB04E-009D-45F9-B79D-C6A4F21EF481}.Release|x64.Build.0 = Release|x64
		{D1CEB04E-009D-45F9-B79D-C6A4F21EF481}.Release|x86.ActiveCfg = Release|x64
		{08C6FB2D-DC3C-49B9-BDA8-A9E521AC09BF}.Debug|Win32.ActiveCfg = Debug|Win32
		{08C6FB2D-DC3C-49B9-BDA8-A9E521AC09BF}.Debug|Win32.Build.0 = Debug|Win32
		{08C6FB2D-DC3C-49B9-BDA8-A9E521AC09BF}.Debug|x64.ActiveCfg = Debug|x64
		{08C6FB2D-DC3C-49B9-BDA8-A9E521AC09BF}.Debug|x64.Build.0 = Debug|x64
		{08C6FB2D-DC3C-49B9-BDA8-A9E521AC09BF}.Debug|x86.ActiveCfg = Debug|x64
		{08C6FB2D-DC3C-49B9-BDA8-A9E521AC09BF}.Release|Win32.ActiveCfg = Release|Win32
		{08C6FB2D-DC3C-49B9-BDA8-A9E521AC09BF}.Release|Win32.Build.0 = Release|Win32
		{08C6FB2D-DC3C-49B9-BDA8-A9E521AC09BF}.Release|x64.ActiveCfg = Release|x64
		{08C6FB2D-DC3C-49B9-BDA8-A9E521AC09BF}.Release|x64.Build.0 = Release|x64
		{08C6FB2D-DC3C-49B9-BDA8-A9E521AC09BF}.Release|x86.ActiveCfg = Release|x64
		{040B7102-043B-440F-95C9-6A7A0FDDE506}.Debug|Win32.ActiveCfg = Debug|Win32
		{040B7102-043B-440F-95C9-6A7A0FDDE506}.Debug|Win32.Build.0 = Debug|Win32
		{040B7102-043B-440F-95C9-6A7A0FDDE506}.Debug|x64.ActiveCfg = Debug|x64
		{040B7102-043B-440F-95C9-6A7A0FDDE506}.Debug|x64.Build.0 = Debug|x64
		{040B7102-043B-440F-95C9-6A7A0FDDE506}.Debug|x86.ActiveCfg = Debug|x64
		{040B7102-043B-440F-95C9-6A7A0FDDE506}.Release|Win32.ActiveCfg = Release|Win32
		{040B7102-043B-440F-95C9-6A7A0FDDE506}.Release|Win32.Build.0 = Release|Win32
		{040B7102-043B-440F-95C9-6A7A0FDDE506}.Release|x64.ActiveCfg = Release|x64
		{040B7102-043B-440F-95C9-6A7A0FDDE506}.Release|x64.Build.0 = Release|x64
		{040B7102-043B-440F-95C9-6A7A0FDDE506}.Release|x86.ActiveCfg = Release|x64
		{034F7C5A-2E7A-4AEC-B6DF-E0DDE187A76D}.Debug|Win32.ActiveCfg = Debug|Win32
		{034F7C5A-2E7A-4AEC-B6DF-E0DDE187A76D}.Debug|Win32.Build.0 = Debug|Win32
		{034F7C5A-2E7A-4AEC-B6DF-E0DDE187A76D}.Debug|x64.ActiveCfg = Debug|x64
		{034F7C5A-2E7A-4AEC-B6DF-E0DDE187A76D}.Debug|x64.Build.0 = Debug|x64
		{034F7C5A-2E7A-4AEC-B6DF-E0DDE187A76D}.Debug|x86.ActiveCfg = Debug|x64
		{034F7C5A-2E7A-4AEC-B6DF-E0DDE187A76D}.Release|Win32.ActiveCfg = Release|Win32
		{034F7C5A-2E7A-4AEC-B6DF-E0DDE187A76D}.Release|Win32.Build.0 = Release|Win32
		{034F7C5A-2E7A-4AEC-B6DF-E0DDE187A76D}.Release|x64.ActiveCfg = Release|x64
		{034F7C5A-2E7A-4AEC-B6DF-E0DDE187A76D}.Release|x64.Build.0 = Release|x64
		{034F7C5A-2E7A-4AEC-B6DF-E0DDE187A76D}.Release|x86.ActiveCfg = Release|x64
		{932C95CC-A3E3-43E7-9DCD-9A02F537CF88}.Debug|Win32.ActiveCfg = Debug|Win32
		{932C95CC-A3E3-43E7-9DCD-9A02F537CF88}.Debug|Win32.Build.0 = Debug|Win32
		{932C95CC-A3E3-43E7-9DCD-9A02F537CF88}.Debug|x64.ActiveCfg = Debug|x64
		{932C95CC-A3E3-43E7-9DCD-9A02F537CF88}.Debug|x64.Build.0 = Debug|x64
		{932C95CC-A3E3-43E7-9DCD-9A02F537CF88}.Debug|x86.ActiveCfg = Debug|x64
		{932C95CC-A3E3-43E7-9DCD-9A02F537CF88}.Release|Win32.ActiveCfg = Release|Win32
		{932C95CC-A3E3-43E7-9DCD-9A02F537CF88}.Release|Win32.Build.0 = Release|Win32
		{932C95CC-A3E3-43E7-9DCD-9A02F537CF88}.Release|x64.ActiveCfg = Release|x64
		{932C95CC-A3E3-43E7-9DCD-9A02F537CF88}.Release|x64.Build.0 = Release|x64
		{932C95CC-A3E3-43E7-9DCD-9A02F537CF88}.Release|x86.ActiveCfg = Release|x64
		{19193893-878C-4CB1-9400-DE8FCEF7CA45}.Debug|Win32.ActiveCfg = Debug|Win32
		{19193893-878C-4CB1-9400-DE8FCEF7CA45}.Debug|Win32.Build.0 = Debug|Win32
		{19193893-878C-4CB1-9400-DE8FCEF7CA45}.Debug|x64.ActiveCfg = Debug|x64
		{19193893-878C-4CB1-9400-DE8FCEF7CA45}.Debug|x64.Build.0 = Debug|x64
		{19193893-878C-4CB1-9400-DE8FCEF7CA45}.Debug|x86.ActiveCfg = Debug|x64
		{19193893-878C-4CB1-9400-DE8FCEF7CA45}.Release|Win32.ActiveCfg = Release|Win32
		{19193893-878C-4CB1-9400-DE8FCEF7CA45}.Release|Win32.Build.0 = Release|Win32
		{19193893-878C-4CB1-9400-DE8FCEF7CA45}.Release|x64.ActiveCfg = Release|x64
		{19193893-878C-4CB1-9400-DE8FCEF7CA45}.Release|x64.Build.0 = Release|x64
		{19193893-878C-4CB1-9400-DE8FCEF7CA45}.Release|x86.ActiveCfg = Release|x64
		{C0E98467-99CD-49E0-A1A7-E3BF95DFF5AD}.Debug|Win32.ActiveCfg = Debug|Win32
		{C0E98467-99CD-49E0-A1A7-E3BF95DFF5AD}.Debug|Win32.Build.0 = Debug|Win32
		{C0E98467-99CD-49E0-A1A7-E3BF95DFF5AD}.Debug|x64.ActiveCfg = Debug|x64
		{C0E98467-99CD-49E0-A1A7-E3BF95DFF5AD}.Debug|x64.Build.0 = Debug|x64
		{C0E98467-99CD-49E0-A1A7-E3BF95DFF5AD}.Debug|x86.ActiveCfg = Debug|x64
		{C0E98467-99CD-49E0-A1A7-E3BF95DFF5AD}.Release|Win32.ActiveCfg = Release|Win32
		{C0E98467-99CD-49E0-A1A7-E3BF95DFF5AD}.Release|Win32.Build.0 = Release|Win32
		{C0E98467-99CD-49E0-A1A7-E3BF95DFF5AD}.Release|x64.ActiveCfg = Release|x64
		{C0E98467-99CD-49E0-A1A7-E3BF95DFF5AD}.Release|x64.Build.0 = Release|x64
		{C0E98467-99CD-49E0-A1A7-E3BF95DFF5AD}.Release|x86.ActiveCfg = Release|x64
		{76D7E7D3-464B-490A-B3A6-B2F8637700FD}.Debug|Win32.ActiveCfg = Debug|Win32
		{76D7E7D3-464B-490A-B3A6-B2F8637700FD}.Debug|Win32.Build.0 = Debug|Win32
		{76D7E7D3-464B-490A-B3A6-B2F8637700FD}.Debug|x64.ActiveCfg = Debug|Win32
		{76D7E7D3-464B-490A-B3A6-B2F8637700FD}.Debug|x86.ActiveCfg = Debug|Win32
		{76D7E7D3-464B-490A-B3A6-B2F8637700FD}.Release|Win32.ActiveCfg = Release|Win32
		{76D7E7D3-464B-490A-B3A6-B2F8637700FD}.Release|Win32.Build.0 = Release|Win32
		{76D7E7D3-464B-490A-B3A6-B2F8637700FD}.Release|x64.ActiveCfg = Release|Win32
		{76D7E7D3-464B-490A-B3A6-B2F8637700FD}.Release|x86.ActiveCfg = Release|Win32
		{275454C5-0907-41EF-A6A1-3E75DD231C03}.Debug|Win32.ActiveCfg = Debug|Win32
		{275454C5-0907-41EF-A6A1-3E75DD231C03}.Debug|Win32.Build.0 = Debug|Win32
		{275454C5-0907-41EF-A6A1-3E75DD231C03}.Debug|x64.ActiveCfg = Debug|Win32
		{275454C5-0907-41EF-A6A1-3E75DD231C03}.Debug|x86.ActiveCfg = Debug|Win32
		{275454C5-0907-41EF-A6A1-3E75DD231C03}.Release|Win32.ActiveCfg = Release|Win32
		{275454C5-0907-41EF-A6A1-3E75DD231C03}.Release|Win32.Build.0 = Release|Win32
		{275454C5-0907-41EF-A6A1-3E75DD231C03}.Release|x64.ActiveCfg = Release|Win32
		{275454C5-0907-41EF-A6A1-3E75DD231C03}.Release|x86.ActiveCfg = Release|Win32
		{00A16519-8201-41CF-B8AF-7AA5A5A8F153}.Debug|Win32.ActiveCfg = Debug|Win32
		{00A16519-8201-41CF-B8AF-7AA5A5A8F153}.Debug|Win32.Build.0 = Debug|Win32
		{00A16519-8201-41CF-B8AF-7AA5A5A8F153}.Debug|x64.ActiveCfg = Debug|Win32
		{00A16519-8201-41CF-B8AF-7AA5A5A8F153}.Debug|x86.ActiveCfg = Debug|Win32
		{00A16519-8201-41CF-B8AF-7AA5A5A8F153}.Release|Win32.ActiveCfg = Release|Win32
		{00A16519-8201-41CF-B8AF-7AA5A5A8F153}.Release|Win32.Build.0 = Release|Win32
		{00A16519-8201-41CF-B8AF-7AA5A5A8F153}.Release|x64.ActiveCfg = Release|Win32
		{00A16519-8201-41CF-B8AF-7AA5A5A8F153}.Release|x86.ActiveCfg = Release|Win32
		{BF385610-FD6B-4600-A4F0-5E252B01763D}.Debug|Win32.ActiveCfg = Debug|Win32
		{BF385610-FD6B-4600-A4F0-5E252B01763D}.Debug|Win32.Build.0 = Debug|Win32
		{BF385610-FD6B-4600-A4F0-5E252B01763D}.Debug|x64.ActiveCfg = Debug|x64
		{BF385610-FD6B-4600-A4F0-5E252B01763D}.Debug|x64.Build.0 = Debug|x64
		{BF385610-FD6B-4600-A4F0-5E252B01763D}.Debug|x86.ActiveCfg = Debug|x64
		{BF385610-FD6B-4600-A4F0-5E252B01763D}.Release|Win32.ActiveCfg = Release|Win32
		{BF385610-FD6B-4600-A4F0-5E252B01763D}.Release|Win32.Build.0 = Release|Win32
		{BF385610-FD6B-4600-A4F0-5E252B01763D}.Release|x64.ActiveCfg = Release|x64
		{BF385610-FD6B-4600-A4F0-5E252B01763D}.Release|x64.Build.0 = Release|x64
		{BF385610-FD6B-4600-A4F0-5E252B01763D}.Release|x86.ActiveCfg = Release|x64
		{9EB45F89-A515-4F70-BA2A-8EE3FD7072B2}.Debug|Win32.ActiveCfg = Debug|Win32
		{9EB45F89-A515-4F70-BA2A-8EE3FD7072B2}.Debug|Win32.Build.0 = Debug|Win32
		{9EB45F89-A515-4F70-BA2A-8EE3FD7072B2}.Debug|x64.ActiveCfg = Debug|Win32
		{9EB45F89-A515-4F70-BA2A-8EE3FD7072B2}.Debug|x86.ActiveCfg = Debug|Win32
		{9EB45F89-A515-4F70-BA2A-8EE3FD7072B2}.Release|Win32.ActiveCfg = Release|Win32
		{9EB45F89-A515-4F70-BA2A-8EE3FD7072B2}.Release|Win32.Build.0 = Release|Win32
		{9EB45F89-A515-4F70-BA2A-8EE3FD7072B2}.Release|x64.ActiveCfg = Release|Win32
		{9EB45F89-A515-4F70-BA2A-8EE3FD7072B2}.Release|x86.ActiveCfg = Release|Win32
		{849F9898-B773-4FB9-A0C7-359CEBB5D330}.Debug|Win32.ActiveCfg = Debug|x86
		{849F9898-B773-4FB9-A0C7-359CEBB5D330}.Debug|Win32.Build.0 = Debug|x86
		{849F9898-B773-4FB9-A0C7-359CEBB5D330}.Debug|x64.ActiveCfg = Debug|x64
		{849F9898-B773-4FB9-A0C7-359CEBB5D330}.Debug|x64.Build.0 = Debug|x64
		{849F9898-B773-4FB9-A0C7-359CEBB5D330}.Debug|x86.ActiveCfg = Debug|x86
		{849F9898-B773-4FB9-A0C7-359CEBB5D330}.Release|Win32.ActiveCfg = Release|x86
		{849F9898-B773-4FB9-A0C7-359CEBB5D330}.Release|Win32.Build.0 = Release|x86
		{849F9898-B773-4FB9-A0C7-359CEBB5D330}.Release|x64.ActiveCfg = Release|x64
		{849F9898-B773-4FB9-A0C7-359CEBB5D330}.Release|x64.Build.0 = Release|x64
		{849F9898-B773-4FB9-A0C7-359CEBB5D330}.Release|x86.ActiveCfg = Release|x86
		{C9D88928-8ADE-4489-8412-B9FD3415BD2B}.Debug|Win32.ActiveCfg = Debug|Win32
		{C9D88928-8ADE-4489-8412-B9FD3415BD2B}.Debug|Win32.Build.0 = Debug|Win32
		{C9D88928-8ADE-4489-8412-B9FD3415BD2B}.Debug|x64.ActiveCfg = Debug|x64
		{C9D88928-8ADE-4489-8412-B9FD3415BD2B}.Debug|x64.Build.0 = Debug|x64
		{C9D88928-8ADE-4489-8412-B9FD3415BD2B}.Debug|x86.ActiveCfg = Debug|Win32
		{C9D88928-8ADE-4489-8412-B9FD3415BD2B}.Release|Win32.ActiveCfg = Release|Win32
		{C9D88928-8ADE-4489-8412-B9FD3415BD2B}.Release|Win32.Build.0 = Release|Win32
		{C9D88928-8ADE-4489-8412-B9FD3415BD2B}.Release|x64.ActiveCfg = Release|x64
		{C9D88928-8ADE-4489-8412-B9FD3415BD2B}.Release|x64.Build.0 = Release|x64
		{C9D88928-8ADE-4489-8412-B9FD3415BD2B}.Release|x86.ActiveCfg = Release|Win32
		{41BD6BDC-24B2-4DD9-B47B-86FBD1751387}.Debug|Win32.ActiveCfg = Debug|Win32
		{41BD6BDC-24B2-4DD9-B47B-86FBD1751387}.Debug|Win32.Build.0 = Debug|Win32
		{41BD6BDC-24B2-4DD9-B47B-86FBD1751387}.Debug|x64.ActiveCfg = Debug|x64
		{41BD6BDC-24B2-4DD9-B47B-86FBD1751387}.Debug|x64.Build.0 = Debug|x64
		{41BD6BDC-24B2-4DD9-B47B-86FBD1751387}.Debug|x86.ActiveCfg = Debug|Win32
		{41BD6BDC-24B2-4DD9-B47B-86FBD1751387}.Debug|x86.Build.0 = Debug|Win32
		{41BD6BDC-24B2-4DD9-B47B-86FBD1751387}.Release|Win32.ActiveCfg = Release|Win32
		{41BD6BDC-24B2-4DD9-B47B-86FBD1751387}.Release|Win32.Build.0 = Release|Win32
		{41BD6BDC-24B2-4DD9-B47B-86FBD1751387}.Release|x64.ActiveCfg = Release|x64
		{41BD6BDC-24B2-4DD9-B47B-86FBD1751387}.Release|x64.Build.0 = Release|x64
		{41BD6BDC-24B2-4DD9-B47B-86FBD1751387}.Release|x86.ActiveCfg = Release|Win32
		{41BD6BDC-24B2-4DD9-B47B-86FBD1751387}.Release|x86.Build.0 = Release|Win32
		{B022A61B-B8DD-4200-9CD4-93BDB48137EA}.Debug|Win32.ActiveCfg = Debug|Win32
		{B022A61B-B8DD-4200-9CD4-93BDB48137EA}.Debug|Win32.Build.0 = Debug|Win32
		{B022A61B-B8DD-4200-9CD4-93BDB48137EA}.Debug|x64.ActiveCfg = Debug|x64
		{B022A61B-B8DD-4200-9CD4-93BDB48137EA}.Debug|x64.Build.0 = Debug|x64
		{B022A61B-B8DD-4200-9CD4-93BDB48137EA}.Debug|x86.ActiveCfg = Debug|Win32
		{B022A61B-B8DD-4200-9CD4-93BDB48137EA}.Debug|x86.Build.0 = Debug|Win32
		{B022A61B-B8DD-4200-9CD4-93BDB48137EA}.Release|Win32.ActiveCfg = Release|Win32
		{B022A61B-B8DD-4200-9CD4-93BDB48137EA}.Release|Win32.Build.0 = Release|Win32
		{B022A61B-B8DD-4200-9CD4-93BDB48137EA}.Release|x64.ActiveCfg = Release|x64
		{B022A61B-B8DD-4200-9CD4-93BDB48137EA}.Release|x64.Build.0 = Release|x64
		{B022A61B-B8DD-4200-9CD4-93BDB48137EA}.Release|x86.ActiveCfg = Release|Win32
		{B022A61B-B8DD-4200-9CD4-93BDB48137EA}.Release|x86.Build.0 = Release|Win32
	EndGlobalSection
	GlobalSection(SolutionProperties) = preSolution
		HideSolutionNode = FALSE
	EndGlobalSection
	GlobalSection(ExtensibilityGlobals) = postSolution
		SolutionGuid = {E2558752-D5E6-47A9-A313-2DD0E36D2778}
	EndGlobalSection
EndGlobal
