<?xml version="1.0" encoding="utf-8"?>
<Project ToolsVersion="4.0" xmlns="http://schemas.microsoft.com/developer/msbuild/2003">
  <ItemGroup>
    <Filter Include="Source Files">
      <UniqueIdentifier>{4FC737F1-C7A5-4376-A066-2A32D752A2FF}</UniqueIdentifier>
      <Extensions>cpp;c;cc;cxx;def;odl;idl;hpj;bat;asm;asmx</Extensions>
    </Filter>
    <Filter Include="Header Files">
      <UniqueIdentifier>{93995380-89BD-4b04-88EB-625FBE52EBFB}</UniqueIdentifier>
      <Extensions>h;hpp;hxx;hm;inl;inc;xsd</Extensions>
    </Filter>
    <Filter Include="Resource Files">
      <UniqueIdentifier>{67DA6AB6-F800-4c08-8B7A-83BB121AAD01}</UniqueIdentifier>
      <Extensions>rc;ico;cur;bmp;dlg;rc2;rct;bin;rgs;gif;jpg;jpeg;jpe;resx;tiff;tif;png;wav;mfcribbon-ms</Extensions>
    </Filter>
  </ItemGroup>
  <ItemGroup>
    <ClCompile Include="XecretsFile2Go.cpp">
      <Filter>Source Files</Filter>
    </ClCompile>
    <ClCompile Include="XecretsFile2GoWin.cpp">
      <Filter>Source Files</Filter>
    </ClCompile>
    <ClCompile Include="Axgettext.cpp">
      <Filter>Source Files</Filter>
    </ClCompile>
    <ClCompile Include="CConfigWin.cpp">
      <Filter>Source Files</Filter>
    </ClCompile>
    <ClCompile Include="CDialogs.cpp">
      <Filter>Source Files</Filter>
    </ClCompile>
    <ClCompile Include="CMainFrameWin.cpp">
      <Filter>Source Files</Filter>
    </ClCompile>
    <ClCompile Include="CShellMgrWin.Cpp">
      <Filter>Source Files</Filter>
    </ClCompile>
    <ClCompile Include="stdafx.cpp">
      <Filter>Source Files</Filter>
    </ClCompile>
  </ItemGroup>
  <ItemGroup>
    <ClInclude Include="XecretsFile2GoWin.h">
      <Filter>Header Files</Filter>
    </ClInclude>
    <ClInclude Include="XecretsFileLib.h">
      <Filter>Header Files</Filter>
    </ClInclude>
    <ClInclude Include="Axgettext.h">
      <Filter>Header Files</Filter>
    </ClInclude>
    <ClInclude Include="CConfig.h">
      <Filter>Header Files</Filter>
    </ClInclude>
    <ClInclude Include="CConfigWin.h">
      <Filter>Header Files</Filter>
    </ClInclude>
    <ClInclude Include="CDialogs.h">
      <Filter>Header Files</Filter>
    </ClInclude>
    <ClInclude Include="CDialogsWin.h">
      <Filter>Header Files</Filter>
    </ClInclude>
    <ClInclude Include="CExplorerComboWin.H">
      <Filter>Header Files</Filter>
    </ClInclude>
    <ClInclude Include="CMainFrameWin.h">
      <Filter>Header Files</Filter>
    </ClInclude>
    <ClInclude Include="CShellMgrWin.H">
      <Filter>Header Files</Filter>
    </ClInclude>
    <ClInclude Include="EncDecWin.h">
      <Filter>Header Files</Filter>
    </ClInclude>
    <ClInclude Include="resource.h">
      <Filter>Header Files</Filter>
    </ClInclude>
    <ClInclude Include="stdafx.h">
      <Filter>Header Files</Filter>
    </ClInclude>
  </ItemGroup>
  <ItemGroup>
    <ResourceCompile Include="XecretsFile2GoWin.rc">
      <Filter>Resource Files</Filter>
    </ResourceCompile>
  </ItemGroup>
  <ItemGroup>
    <None Include="XecretsFile2Go.ico">
      <Filter>Resource Files</Filter>
    </None>
    <None Include="Toolbar.bmp">
      <Filter>Resource Files</Filter>
    </None>
    <None Include="GoGrey.bmp">
      <Filter>Resource Files</Filter>
    </None>
    <None Include="GoGreen.bmp">
      <Filter>Resource Files</Filter>
    </None>
    <None Include="XecretsFile2Go.manifest.Win32">
      <Filter>Resource Files</Filter>
    </None>
  </ItemGroup>
</Project>