<?xml version="1.0" encoding="utf-8"?>
<Project ToolsVersion="4.0" xmlns="http://schemas.microsoft.com/developer/msbuild/2003">
  <ItemGroup>
    <Filter Include="Source Files">
      <UniqueIdentifier>{4FC737F1-C7A5-4376-A066-2A32D752A2FF}</UniqueIdentifier>
      <Extensions>cpp;c;cc;cxx;def;odl;idl;hpj;bat;asm;asmx</Extensions>
    </Filter>
    <Filter Include="Header Files">
      <UniqueIdentifier>{93995380-89BD-4b04-88EB-625FBE52EBFB}</UniqueIdentifier>
      <Extensions>h;hpp;hxx;hm;inl;inc;xsd</Extensions>
    </Filter>
    <Filter Include="Resource Files">
      <UniqueIdentifier>{67DA6AB6-F800-4c08-8B7A-83BB121AAD01}</UniqueIdentifier>
      <Extensions>rc;ico;cur;bmp;dlg;rc2;rct;bin;rgs;gif;jpg;jpeg;jpe;resx;tiff;tif;png;wav;mfcribbon-ms</Extensions>
    </Filter>
  </ItemGroup>
  <ItemGroup>
    <None Include="ReadMe.txt" />
  </ItemGroup>
  <ItemGroup>
    <ClCompile Include="AxPipe.cpp">
      <Filter>Source Files</Filter>
    </ClCompile>
    <ClCompile Include="CCoContext.cpp">
      <Filter>Source Files</Filter>
    </ClCompile>
    <ClCompile Include="CError.cpp">
      <Filter>Source Files</Filter>
    </ClCompile>
    <ClCompile Include="CFileIO.cpp">
      <Filter>Source Files</Filter>
    </ClCompile>
    <ClCompile Include="CFileMap.cpp">
      <Filter>Source Files</Filter>
    </ClCompile>
    <ClCompile Include="CFilter.cpp">
      <Filter>Source Files</Filter>
    </ClCompile>
    <ClCompile Include="CJoin.cpp">
      <Filter>Source Files</Filter>
    </ClCompile>
    <ClCompile Include="CPipe.cpp">
      <Filter>Source Files</Filter>
    </ClCompile>
    <ClCompile Include="CPipeBlock.cpp">
      <Filter>Source Files</Filter>
    </ClCompile>
    <ClCompile Include="CPipeDeflate.cpp">
      <Filter>Source Files</Filter>
    </ClCompile>
    <ClCompile Include="CPipeFindSync.cpp">
      <Filter>Source Files</Filter>
    </ClCompile>
    <ClCompile Include="CPipeHMAC_SHA1.cpp">
      <Filter>Source Files</Filter>
    </ClCompile>
    <ClCompile Include="CPipeInflate.cpp">
      <Filter>Source Files</Filter>
    </ClCompile>
    <ClCompile Include="CPipeSHA1.cpp">
      <Filter>Source Files</Filter>
    </ClCompile>
    <ClCompile Include="CSeg.cpp">
      <Filter>Source Files</Filter>
    </ClCompile>
    <ClCompile Include="CSink.cpp">
      <Filter>Source Files</Filter>
    </ClCompile>
    <ClCompile Include="CSource.cpp">
      <Filter>Source Files</Filter>
    </ClCompile>
    <ClCompile Include="CSplit.cpp">
      <Filter>Source Files</Filter>
    </ClCompile>
    <ClCompile Include="CSync.cpp">
      <Filter>Source Files</Filter>
    </ClCompile>
    <ClCompile Include="Examples.cpp">
      <Filter>Source Files</Filter>
    </ClCompile>
    <ClCompile Include="stdafx.cpp">
      <Filter>Source Files</Filter>
    </ClCompile>
    <ClCompile Include="tbits.cpp">
      <Filter>Source Files</Filter>
    </ClCompile>
  </ItemGroup>
  <ItemGroup>
    <ClInclude Include="AxPipe.h">
      <Filter>Header Files</Filter>
    </ClInclude>
    <ClInclude Include="CCoContext.h">
      <Filter>Header Files</Filter>
    </ClInclude>
    <ClInclude Include="CError.h">
      <Filter>Header Files</Filter>
    </ClInclude>
    <ClInclude Include="CFileIO.h">
      <Filter>Header Files</Filter>
    </ClInclude>
    <ClInclude Include="CFileMap.h">
      <Filter>Header Files</Filter>
    </ClInclude>
    <ClInclude Include="CPipeDeflate.h">
      <Filter>Header Files</Filter>
    </ClInclude>
    <ClInclude Include="CPipeFindSync.h">
      <Filter>Header Files</Filter>
    </ClInclude>
    <ClInclude Include="CPipeHMAC_SHA1.h">
      <Filter>Header Files</Filter>
    </ClInclude>
    <ClInclude Include="CPipeInflate.h">
      <Filter>Header Files</Filter>
    </ClInclude>
    <ClInclude Include="CPipeSHA1.h">
      <Filter>Header Files</Filter>
    </ClInclude>
    <ClInclude Include="CSeg.h">
      <Filter>Header Files</Filter>
    </ClInclude>
    <ClInclude Include="CSinkAxMLite.h">
      <Filter>Header Files</Filter>
    </ClInclude>
    <ClInclude Include="CSourceAxMLite.h">
      <Filter>Header Files</Filter>
    </ClInclude>
    <ClInclude Include="CStdIO.h">
      <Filter>Header Files</Filter>
    </ClInclude>
    <ClInclude Include="CSync.h">
      <Filter>Header Files</Filter>
    </ClInclude>
    <ClInclude Include="CThread.h">
      <Filter>Header Files</Filter>
    </ClInclude>
    <ClInclude Include="Examples.h">
      <Filter>Header Files</Filter>
    </ClInclude>
    <ClInclude Include="stdafx.h">
      <Filter>Header Files</Filter>
    </ClInclude>
    <ClInclude Include="targetver.h">
      <Filter>Header Files</Filter>
    </ClInclude>
    <ClInclude Include="TBits.h">
      <Filter>Header Files</Filter>
    </ClInclude>
    <ClInclude Include="CPipeUnicodeToAnsi.h">
      <Filter>Header Files</Filter>
    </ClInclude>
  </ItemGroup>
</Project>