<?xml version="1.0" encoding="utf-8"?>
<Project xmlns="http://schemas.microsoft.com/developer/msbuild/2003">
  <ItemGroup>
    <Filter Include="Source Files">
      <UniqueIdentifier>{4FC737F1-C7A5-4376-A066-2A32D752A2FF}</UniqueIdentifier>
      <Extensions>cpp;c;cc;cxx;def;odl;idl;hpj;bat;asm;asmx</Extensions>
    </Filter>
    <Filter Include="Header Files">
      <UniqueIdentifier>{93995380-89BD-4b04-88EB-625FBE52EBFB}</UniqueIdentifier>
      <Extensions>h;hpp;hxx;hm;inl;inc;xsd</Extensions>
    </Filter>
    <Filter Include="Resource Files">
      <UniqueIdentifier>{67DA6AB6-F800-4c08-8B7A-83BB121AAD01}</UniqueIdentifier>
      <Extensions>rc;ico;cur;bmp;dlg;rc2;rct;bin;rgs;gif;jpg;jpeg;jpe;resx;tiff;tif;png;wav;mfcribbon-ms</Extensions>
    </Filter>
  </ItemGroup>
  <ItemGroup>
    <None Include="ReadMe.txt" />
  </ItemGroup>
  <ItemGroup>
    <ClCompile Include="AxAssert.cpp">
      <Filter>Source Files</Filter>
    </ClCompile>
    <ClCompile Include="AxMLite.cpp">
      <Filter>Source Files</Filter>
    </ClCompile>
    <ClCompile Include="CDocumentAppLaunch.cpp">
      <Filter>Source Files</Filter>
    </ClCompile>
    <ClCompile Include="CStaticHyperlink.cpp">
      <Filter>Source Files</Filter>
    </ClCompile>
    <ClCompile Include="CVersionWin.cpp">
      <Filter>Source Files</Filter>
    </ClCompile>
    <ClCompile Include="CWinVersion.cpp">
      <Filter>Source Files</Filter>
    </ClCompile>
    <ClCompile Include="DynLoadString.cpp">
      <Filter>Source Files</Filter>
    </ClCompile>
    <ClCompile Include="GetModuleFilename.cpp">
      <Filter>Source Files</Filter>
    </ClCompile>
    <ClCompile Include="mygetopt.cpp">
      <Filter>Source Files</Filter>
    </ClCompile>
    <ClCompile Include="StdAfx.cpp">
      <Filter>Source Files</Filter>
    </ClCompile>
    <ClCompile Include="VistaOrLater.cpp">
      <Filter>Source Files</Filter>
    </ClCompile>
  </ItemGroup>
  <ItemGroup>
    <ClInclude Include="AxAssert.h">
      <Filter>Header Files</Filter>
    </ClInclude>
    <ClInclude Include="AxMLite.h">
      <Filter>Header Files</Filter>
    </ClInclude>
    <ClInclude Include="CVersionWin.h">
      <Filter>Header Files</Filter>
    </ClInclude>
    <ClInclude Include="DynLoadString.h">
      <Filter>Header Files</Filter>
    </ClInclude>
    <ClInclude Include="GetModuleFileName.h">
      <Filter>Header Files</Filter>
    </ClInclude>
    <ClInclude Include="IDocumentAppLaunch.h">
      <Filter>Header Files</Filter>
    </ClInclude>
    <ClInclude Include="IStaticHyperlink.h">
      <Filter>Header Files</Filter>
    </ClInclude>
    <ClInclude Include="IWinVersion.h">
      <Filter>Header Files</Filter>
    </ClInclude>
    <ClInclude Include="mygetopt.h">
      <Filter>Header Files</Filter>
    </ClInclude>
    <ClInclude Include="StdAfx.h">
      <Filter>Header Files</Filter>
    </ClInclude>
    <ClInclude Include="targetver.h">
      <Filter>Header Files</Filter>
    </ClInclude>
    <ClInclude Include="VistaOrLater.h">
      <Filter>Header Files</Filter>
    </ClInclude>
  </ItemGroup>
</Project>